
Microsoft Visual Studio Solution File, Format Version 12.00
# Visual Studio Version 17
VisualStudioVersion = 17.2.32602.215
MinimumVisualStudioVersion = 10.0.40219.1
Project("{9A19103F-16F7-4668-BE54-9A1E7A4F7556}") = "Zoologico", "Zoologico\Zoologico.csproj", "{1D5F2482-4746-4F0B-872D-67AE0F7B7E08}"
EndProject
Project("{FAE04EC0-301F-11D3-BF4B-00C04F79EFBC}") = "Formas_Geometrica", "Formas_Geometrica\Formas_Geometrica.csproj", "{A96E4B9C-038E-4AEA-8FD4-BB85FA287288}"
EndProject
Global
	GlobalSection(SolutionConfigurationPlatforms) = preSolution
		Debug|Any CPU = Debug|Any CPU
		Release|Any CPU = Release|Any CPU
	EndGlobalSection
	GlobalSection(ProjectConfigurationPlatforms) = postSolution
		{1D5F2482-4746-4F0B-872D-67AE0F7B7E08}.Debug|Any CPU.ActiveCfg = Debug|Any CPU
		{1D5F2482-4746-4F0B-872D-67AE0F7B7E08}.Debug|Any CPU.Build.0 = Debug|Any CPU
		{1D5F2482-4746-4F0B-872D-67AE0F7B7E08}.Release|Any CPU.ActiveCfg = Release|Any CPU
		{1D5F2482-4746-4F0B-872D-67AE0F7B7E08}.Release|Any CPU.Build.0 = Release|Any CPU
		{A96E4B9C-038E-4AEA-8FD4-BB85FA287288}.Debug|Any CPU.ActiveCfg = Debug|Any CPU
		{A96E4B9C-038E-4AEA-8FD4-BB85FA287288}.Debug|Any CPU.Build.0 = Debug|Any CPU
		{A96E4B9C-038E-4AEA-8FD4-BB85FA287288}.Release|Any CPU.ActiveCfg = Release|Any CPU
		{A96E4B9C-038E-4AEA-8FD4-BB85FA287288}.Release|Any CPU.Build.0 = Release|Any CPU
	EndGlobalSection
	GlobalSection(SolutionProperties) = preSolution
		HideSolutionNode = FALSE
	EndGlobalSection
	GlobalSection(ExtensibilityGlobals) = postSolution
		SolutionGuid = {C68BA5A6-D2D0-425F-AD8C-85CC5DEAEBE2}
	EndGlobalSection
EndGlobal
